
Microsoft Visual Studio Solution File, Format Version 12.00
# Visual Studio Version 17
VisualStudioVersion = 17.4.32912.340
MinimumVisualStudioVersion = 10.0.40219.1
Project("{9A19103F-16F7-4668-BE54-9A1E7A4F7556}") = "CCW.Admin", "CCW.Admin.csproj", "{3690848E-132A-41AF-BC20-1413ABD4BD9F}"
EndProject
Project("{9A19103F-16F7-4668-BE54-9A1E7A4F7556}") = "CCW.Common", "..\CCW.Common\CCW.Common.csproj", "{FF2F0941-6818-4394-A896-783CFFB7357E}"
EndProject
Global
	GlobalSection(SolutionConfigurationPlatforms) = preSolution
		Debug|Any CPU = Debug|Any CPU
		Release|Any CPU = Release|Any CPU
	EndGlobalSection
	GlobalSection(ProjectConfigurationPlatforms) = postSolution
		{3690848E-132A-41AF-BC20-1413ABD4BD9F}.Debug|Any CPU.ActiveCfg = Debug|Any CPU
		{3690848E-132A-41AF-BC20-1413ABD4BD9F}.Debug|Any CPU.Build.0 = Debug|Any CPU
		{3690848E-132A-41AF-BC20-1413ABD4BD9F}.Release|Any CPU.ActiveCfg = Release|Any CPU
		{3690848E-132A-41AF-BC20-1413ABD4BD9F}.Release|Any CPU.Build.0 = Release|Any CPU
		{FF2F0941-6818-4394-A896-783CFFB7357E}.Debug|Any CPU.ActiveCfg = Debug|Any CPU
		{FF2F0941-6818-4394-A896-783CFFB7357E}.Debug|Any CPU.Build.0 = Debug|Any CPU
		{FF2F0941-6818-4394-A896-783CFFB7357E}.Release|Any CPU.ActiveCfg = Release|Any CPU
		{FF2F0941-6818-4394-A896-783CFFB7357E}.Release|Any CPU.Build.0 = Release|Any CPU
	EndGlobalSection
	GlobalSection(SolutionProperties) = preSolution
		HideSolutionNode = FALSE
	EndGlobalSection
	GlobalSection(ExtensibilityGlobals) = postSolution
		SolutionGuid = {9370EAE1-0FD4-46FA-B3B5-12D16E8E63A6}
	EndGlobalSection
EndGlobal
